<?xml version="1.0" encoding="utf-8"?>
<Project ToolsVersion="4.0" xmlns="http://schemas.microsoft.com/developer/msbuild/2003">
  <ItemGroup>
    <Filter Include="ソース ファイル">
      <UniqueIdentifier>{4FC737F1-C7A5-4376-A066-2A32D752A2FF}</UniqueIdentifier>
      <Extensions>cpp;c;cc;cxx;c++;cppm;ixx;def;odl;idl;hpj;bat;asm;asmx</Extensions>
    </Filter>
    <Filter Include="ヘッダー ファイル">
      <UniqueIdentifier>{93995380-89BD-4b04-88EB-625FBE52EBFB}</UniqueIdentifier>
      <Extensions>h;hh;hpp;hxx;h++;hm;inl;inc;ipp;xsd</Extensions>
    </Filter>
    <Filter Include="リソース ファイル">
      <UniqueIdentifier>{67DA6AB6-F800-4c08-8B7A-83BB121AAD01}</UniqueIdentifier>
      <Extensions>rc;ico;cur;bmp;dlg;rc2;rct;bin;rgs;gif;jpg;jpeg;jpe;resx;tiff;tif;png;wav;mfcribbon-ms</Extensions>
    </Filter>
    <Filter Include="ヘッダー ファイル\Win">
      <UniqueIdentifier>{ad65214d-0332-4872-9555-ed6b50859196}</UniqueIdentifier>
    </Filter>
    <Filter Include="ソース ファイル\Win">
      <UniqueIdentifier>{2f8a7126-c10b-4f11-b4b9-470e455e3ccb}</UniqueIdentifier>
    </Filter>
    <Filter Include="ソース ファイル\GFX">
      <UniqueIdentifier>{0c4d24c6-7680-4da1-94ad-149045f1e4d7}</UniqueIdentifier>
    </Filter>
    <Filter Include="ヘッダー ファイル\GFX">
      <UniqueIdentifier>{c289fc67-3f37-4bdd-8b87-4c02d4e3b0d7}</UniqueIdentifier>
    </Filter>
    <Filter Include="Lib">
      <UniqueIdentifier>{21240714-1827-4fee-a1bd-3ac3b4da5f14}</UniqueIdentifier>
    </Filter>
    <Filter Include="Lib\imgui">
      <UniqueIdentifier>{7bfc92c7-df9d-46ce-93d1-8d5c2155e041}</UniqueIdentifier>
    </Filter>
    <Filter Include="Lib\imgui\backends">
      <UniqueIdentifier>{39a65452-7b4d-467a-9307-ee6b9ae617b3}</UniqueIdentifier>
    </Filter>
    <Filter Include="ソース ファイル\Debug">
      <UniqueIdentifier>{ec97fe8c-10e2-40ab-ba8a-b285e0cee552}</UniqueIdentifier>
    </Filter>
    <Filter Include="ヘッダー ファイル\Debug">
      <UniqueIdentifier>{ad2ed9ea-3279-4d76-8110-c074335f8bb3}</UniqueIdentifier>
    </Filter>
    <Filter Include="ソース ファイル\GFX\Binder">
      <UniqueIdentifier>{fca6c4f1-1097-4e62-9657-7b98ffcad64b}</UniqueIdentifier>
    </Filter>
    <Filter Include="ソース ファイル\GFX\Drawer">
      <UniqueIdentifier>{2264c0ba-d575-495f-9a4c-90f5d9abc058}</UniqueIdentifier>
    </Filter>
    <Filter Include="ヘッダー ファイル\GFX\Drawer">
      <UniqueIdentifier>{a2cd15c6-29e2-4829-b27c-81befc460c24}</UniqueIdentifier>
    </Filter>
    <Filter Include="ソース ファイル\GFX\Binder\cb">
      <UniqueIdentifier>{717c93a2-2517-47c5-9d43-21c975fabb5d}</UniqueIdentifier>
    </Filter>
    <Filter Include="ヘッダー ファイル\GFX\Binder">
      <UniqueIdentifier>{04412b1f-b5a8-4d4b-bc84-54577e3399bf}</UniqueIdentifier>
    </Filter>
    <Filter Include="ヘッダー ファイル\GFX\Binder\cb">
      <UniqueIdentifier>{fa7cf0b3-7449-4d48-9a5f-ac3ec3b361f1}</UniqueIdentifier>
    </Filter>
    <Filter Include="ソース ファイル\Tool">
      <UniqueIdentifier>{78a2cf2a-67de-4e6e-900f-2227b6a7623e}</UniqueIdentifier>
    </Filter>
    <Filter Include="ヘッダー ファイル\Tool">
      <UniqueIdentifier>{6fbafd19-59c9-44c3-8624-9fba6c2e722b}</UniqueIdentifier>
    </Filter>
    <Filter Include="ヘッダー ファイル\GFX\Drawer\vsd">
      <UniqueIdentifier>{c8bed11f-e7a3-429c-b1e4-0c28184ad0a0}</UniqueIdentifier>
    </Filter>
    <Filter Include="ソース ファイル\Draw">
      <UniqueIdentifier>{bd84d317-a195-4e75-96e9-8cedc9194d44}</UniqueIdentifier>
    </Filter>
    <Filter Include="ヘッダー ファイル\Draw">
      <UniqueIdentifier>{605de778-0c45-43b4-98aa-451a47cf6c49}</UniqueIdentifier>
    </Filter>
    <Filter Include="Shader">
      <UniqueIdentifier>{09dae40b-d56c-420f-b35f-20d139e41f16}</UniqueIdentifier>
    </Filter>
  </ItemGroup>
  <ItemGroup>
    <ResourceCompile Include="AbstractionLayer_nhs00616_MuroyaIan.rc">
      <Filter>リソース ファイル</Filter>
    </ResourceCompile>
  </ItemGroup>
  <ItemGroup>
    <Image Include="small.ico">
      <Filter>リソース ファイル</Filter>
    </Image>
    <Image Include="AbstractionLayer_nhs00616_MuroyaIan.ico">
      <Filter>リソース ファイル</Filter>
    </Image>
  </ItemGroup>
  <ItemGroup>
    <ClInclude Include="Source\Resource.h">
      <Filter>ヘッダー ファイル</Filter>
    </ClInclude>
    <ClInclude Include="Source\targetver.h">
      <Filter>ヘッダー ファイル</Filter>
    </ClInclude>
    <ClInclude Include="Source\Win\Win_Main.h">
      <Filter>ヘッダー ファイル\Win</Filter>
    </ClInclude>
    <ClInclude Include="Source\Win\Win_Framework.h">
      <Filter>ヘッダー ファイル\Win</Filter>
    </ClInclude>
    <ClInclude Include="Source\Win\Win_ErrorOutput.h">
      <Filter>ヘッダー ファイル\Win</Filter>
    </ClInclude>
    <ClInclude Include="Source\Win\Win_Window.h">
      <Filter>ヘッダー ファイル\Win</Filter>
    </ClInclude>
    <ClInclude Include="Source\Win\Win_Keyboard.h">
      <Filter>ヘッダー ファイル\Win</Filter>
    </ClInclude>
    <ClInclude Include="Source\Win\Win_Mouse.h">
      <Filter>ヘッダー ファイル\Win</Filter>
    </ClInclude>
    <ClInclude Include="Source\Win\Win_App.h">
      <Filter>ヘッダー ファイル\Win</Filter>
    </ClInclude>
    <ClInclude Include="Source\Win\Win_TimeProc.h">
      <Filter>ヘッダー ファイル\Win</Filter>
    </ClInclude>
    <ClInclude Include="Source\Gfx\Gfx_Main.h">
      <Filter>ヘッダー ファイル\GFX</Filter>
    </ClInclude>
    <ClInclude Include="Library\3rd_Party\ImGui\imconfig.h">
      <Filter>Lib\imgui</Filter>
    </ClInclude>
    <ClInclude Include="Library\3rd_Party\ImGui\imgui.h">
      <Filter>Lib\imgui</Filter>
    </ClInclude>
    <ClInclude Include="Library\3rd_Party\ImGui\imgui_internal.h">
      <Filter>Lib\imgui</Filter>
    </ClInclude>
    <ClInclude Include="Library\3rd_Party\ImGui\imstb_rectpack.h">
      <Filter>Lib\imgui</Filter>
    </ClInclude>
    <ClInclude Include="Library\3rd_Party\ImGui\imstb_textedit.h">
      <Filter>Lib\imgui</Filter>
    </ClInclude>
    <ClInclude Include="Library\3rd_Party\ImGui\imstb_truetype.h">
      <Filter>Lib\imgui</Filter>
    </ClInclude>
    <ClInclude Include="Library\3rd_Party\ImGui\backends\imgui_impl_dx11.h">
      <Filter>Lib\imgui\backends</Filter>
    </ClInclude>
    <ClInclude Include="Library\3rd_Party\ImGui\backends\imgui_impl_win32.h">
      <Filter>Lib\imgui\backends</Filter>
    </ClInclude>
    <ClInclude Include="Source\Debug\Debug_ImguiMgr.h">
      <Filter>ヘッダー ファイル\Debug</Filter>
    </ClInclude>
    <ClInclude Include="Source\Gfx\Binder\Gfx_Binder.h">
      <Filter>ヘッダー ファイル\GFX\Binder</Filter>
    </ClInclude>
    <ClInclude Include="Source\Gfx\Binder\Gfx_BinderRef.h">
      <Filter>ヘッダー ファイル\GFX\Binder</Filter>
    </ClInclude>
    <ClInclude Include="Source\Gfx\Binder\Gfx_IndexBuffer.h">
      <Filter>ヘッダー ファイル\GFX\Binder</Filter>
    </ClInclude>
    <ClInclude Include="Source\Gfx\Binder\Gfx_Inputlayout.h">
      <Filter>ヘッダー ファイル\GFX\Binder</Filter>
    </ClInclude>
    <ClInclude Include="Source\Gfx\Binder\Gfx_PixelShader.h">
      <Filter>ヘッダー ファイル\GFX\Binder</Filter>
    </ClInclude>
    <ClInclude Include="Source\Gfx\Binder\Gfx_Sampler.h">
      <Filter>ヘッダー ファイル\GFX\Binder</Filter>
    </ClInclude>
    <ClInclude Include="Source\Gfx\Binder\Gfx_Texture.h">
      <Filter>ヘッダー ファイル\GFX\Binder</Filter>
    </ClInclude>
    <ClInclude Include="Source\Gfx\Binder\Gfx_Topology.h">
      <Filter>ヘッダー ファイル\GFX\Binder</Filter>
    </ClInclude>
    <ClInclude Include="Source\Gfx\Binder\Gfx_VertexBuffer.h">
      <Filter>ヘッダー ファイル\GFX\Binder</Filter>
    </ClInclude>
    <ClInclude Include="Source\Gfx\Binder\Gfx_VertexShader.h">
      <Filter>ヘッダー ファイル\GFX\Binder</Filter>
    </ClInclude>
    <ClInclude Include="Source\Gfx\Drawer\Gfx_Drawer.h">
      <Filter>ヘッダー ファイル\GFX\Drawer</Filter>
    </ClInclude>
    <ClInclude Include="Source\Gfx\Drawer\Gfx_DrawerRef.h">
      <Filter>ヘッダー ファイル\GFX\Drawer</Filter>
    </ClInclude>
    <ClInclude Include="Source\Gfx\Binder\Gfx_cbMaterial.h">
      <Filter>ヘッダー ファイル\GFX\Binder\cb</Filter>
    </ClInclude>
    <ClInclude Include="Source\Gfx\Binder\Gfx_cbMatrix_VP.h">
      <Filter>ヘッダー ファイル\GFX\Binder\cb</Filter>
    </ClInclude>
    <ClInclude Include="Source\Gfx\Binder\Gfx_ConstantBuffer.h">
      <Filter>ヘッダー ファイル\GFX\Binder\cb</Filter>
    </ClInclude>
    <ClInclude Include="Source\Tool\Tool_Math.h">
      <Filter>ヘッダー ファイル\Tool</Filter>
    </ClInclude>
    <ClInclude Include="Source\Gfx\Drawer\Gfx_VertexShaderData.h">
      <Filter>ヘッダー ファイル\GFX\Drawer\vsd</Filter>
    </ClInclude>
    <ClInclude Include="Source\Gfx\Drawer\Gfx_vsdBox.h">
      <Filter>ヘッダー ファイル\GFX\Drawer\vsd</Filter>
    </ClInclude>
    <ClInclude Include="Source\Gfx\Drawer\Gfx_vsdCone.h">
      <Filter>ヘッダー ファイル\GFX\Drawer\vsd</Filter>
    </ClInclude>
    <ClInclude Include="Source\Gfx\Drawer\Gfx_vsdGrid.h">
      <Filter>ヘッダー ファイル\GFX\Drawer\vsd</Filter>
    </ClInclude>
    <ClInclude Include="Source\Gfx\Drawer\Gfx_vsdPlane.h">
      <Filter>ヘッダー ファイル\GFX\Drawer\vsd</Filter>
    </ClInclude>
    <ClInclude Include="Source\Gfx\Drawer\Gfx_vsdPrism.h">
      <Filter>ヘッダー ファイル\GFX\Drawer\vsd</Filter>
    </ClInclude>
    <ClInclude Include="Source\Gfx\Drawer\Gfx_vsdSphere.h">
      <Filter>ヘッダー ファイル\GFX\Drawer\vsd</Filter>
    </ClInclude>
    <ClInclude Include="Source\Gfx\Drawer\Gfx_vsdRef.h">
      <Filter>ヘッダー ファイル\GFX\Drawer</Filter>
    </ClInclude>
    <ClInclude Include="Source\Tool\Tool_TexLoader.h">
      <Filter>ヘッダー ファイル\Tool</Filter>
    </ClInclude>
    <ClInclude Include="Source\Draw\Draw_ShaderMgr.h">
      <Filter>ヘッダー ファイル\Draw</Filter>
    </ClInclude>
    <ClInclude Include="Source\Draw\Draw_Camera.h">
      <Filter>ヘッダー ファイル\Draw</Filter>
    </ClInclude>
    <ClInclude Include="Source\Draw\Draw_CameraMgr.h">
      <Filter>ヘッダー ファイル\Draw</Filter>
    </ClInclude>
    <ClInclude Include="Source\Draw\Draw_CameraTest.h">
      <Filter>ヘッダー ファイル\Draw</Filter>
    </ClInclude>
    <ClInclude Include="Source\Draw\Draw_DirectionalLight.h">
      <Filter>ヘッダー ファイル\Draw</Filter>
    </ClInclude>
    <ClInclude Include="Source\Draw\Draw_Light.h">
      <Filter>ヘッダー ファイル\Draw</Filter>
    </ClInclude>
    <ClInclude Include="Source\Draw\Draw_LightMgr.h">
      <Filter>ヘッダー ファイル\Draw</Filter>
    </ClInclude>
    <ClInclude Include="Source\Draw\Draw_Shape.h">
      <Filter>ヘッダー ファイル\Draw</Filter>
    </ClInclude>
  </ItemGroup>
  <ItemGroup>
    <ClCompile Include="Source\Win\Win_Main.cpp">
      <Filter>ソース ファイル\Win</Filter>
    </ClCompile>
    <ClCompile Include="Source\Win\Win_ErrorOutput.cpp">
      <Filter>ソース ファイル\Win</Filter>
    </ClCompile>
    <ClCompile Include="Source\Win\Win_Window.cpp">
      <Filter>ソース ファイル\Win</Filter>
    </ClCompile>
    <ClCompile Include="Source\Win\Win_Keyboard.cpp">
      <Filter>ソース ファイル\Win</Filter>
    </ClCompile>
    <ClCompile Include="Source\Win\Win_Mouse.cpp">
      <Filter>ソース ファイル\Win</Filter>
    </ClCompile>
    <ClCompile Include="Source\Win\Win_App.cpp">
      <Filter>ソース ファイル\Win</Filter>
    </ClCompile>
    <ClCompile Include="Source\Win\Win_TimeProc.cpp">
      <Filter>ソース ファイル\Win</Filter>
    </ClCompile>
    <ClCompile Include="Source\Gfx\Gfx_Main.cpp">
      <Filter>ソース ファイル\GFX</Filter>
    </ClCompile>
    <ClCompile Include="Library\3rd_Party\ImGui\imgui.cpp">
      <Filter>Lib\imgui</Filter>
    </ClCompile>
    <ClCompile Include="Library\3rd_Party\ImGui\imgui_demo.cpp">
      <Filter>Lib\imgui</Filter>
    </ClCompile>
    <ClCompile Include="Library\3rd_Party\ImGui\imgui_draw.cpp">
      <Filter>Lib\imgui</Filter>
    </ClCompile>
    <ClCompile Include="Library\3rd_Party\ImGui\imgui_tables.cpp">
      <Filter>Lib\imgui</Filter>
    </ClCompile>
    <ClCompile Include="Library\3rd_Party\ImGui\imgui_widgets.cpp">
      <Filter>Lib\imgui</Filter>
    </ClCompile>
    <ClCompile Include="Library\3rd_Party\ImGui\backends\imgui_impl_dx11.cpp">
      <Filter>Lib\imgui\backends</Filter>
    </ClCompile>
    <ClCompile Include="Library\3rd_Party\ImGui\backends\imgui_impl_win32.cpp">
      <Filter>Lib\imgui\backends</Filter>
    </ClCompile>
    <ClCompile Include="Source\Debug\Debug_ImguiMgr.cpp">
      <Filter>ソース ファイル\Debug</Filter>
    </ClCompile>
    <ClCompile Include="Source\Gfx\Binder\Gfx_Binder.cpp">
      <Filter>ソース ファイル\GFX\Binder</Filter>
    </ClCompile>
    <ClCompile Include="Source\Gfx\Binder\Gfx_IndexBuffer.cpp">
      <Filter>ソース ファイル\GFX\Binder</Filter>
    </ClCompile>
    <ClCompile Include="Source\Gfx\Binder\Gfx_Inputlayout.cpp">
      <Filter>ソース ファイル\GFX\Binder</Filter>
    </ClCompile>
    <ClCompile Include="Source\Gfx\Binder\Gfx_PixelShader.cpp">
      <Filter>ソース ファイル\GFX\Binder</Filter>
    </ClCompile>
    <ClCompile Include="Source\Gfx\Binder\Gfx_Sampler.cpp">
      <Filter>ソース ファイル\GFX\Binder</Filter>
    </ClCompile>
    <ClCompile Include="Source\Gfx\Binder\Gfx_Texture.cpp">
      <Filter>ソース ファイル\GFX\Binder</Filter>
    </ClCompile>
    <ClCompile Include="Source\Gfx\Binder\Gfx_Topology.cpp">
      <Filter>ソース ファイル\GFX\Binder</Filter>
    </ClCompile>
    <ClCompile Include="Source\Gfx\Binder\Gfx_VertexBuffer.cpp">
      <Filter>ソース ファイル\GFX\Binder</Filter>
    </ClCompile>
    <ClCompile Include="Source\Gfx\Binder\Gfx_VertexShader.cpp">
      <Filter>ソース ファイル\GFX\Binder</Filter>
    </ClCompile>
    <ClCompile Include="Source\Gfx\Drawer\Gfx_Drawer.cpp">
      <Filter>ソース ファイル\GFX\Drawer</Filter>
    </ClCompile>
    <ClCompile Include="Source\Gfx\Binder\Gfx_cbMaterial.cpp">
      <Filter>ソース ファイル\GFX\Binder\cb</Filter>
    </ClCompile>
    <ClCompile Include="Source\Gfx\Binder\Gfx_cbMatrix_VP.cpp">
      <Filter>ソース ファイル\GFX\Binder\cb</Filter>
    </ClCompile>
    <ClCompile Include="Source\Tool\Tool_Math.cpp">
      <Filter>ソース ファイル\Tool</Filter>
    </ClCompile>
    <ClCompile Include="Source\Tool\Tool_TexLoader.cpp">
      <Filter>ソース ファイル\Tool</Filter>
    </ClCompile>
    <ClCompile Include="Source\Draw\Draw_ShaderMgr.cpp">
      <Filter>ソース ファイル\Draw</Filter>
    </ClCompile>
    <ClCompile Include="Source\Draw\Draw_Camera.cpp">
      <Filter>ソース ファイル\Draw</Filter>
    </ClCompile>
    <ClCompile Include="Source\Draw\Draw_CameraMgr.cpp">
      <Filter>ソース ファイル\Draw</Filter>
    </ClCompile>
    <ClCompile Include="Source\Draw\Draw_CameraTest.cpp">
      <Filter>ソース ファイル\Draw</Filter>
    </ClCompile>
    <ClCompile Include="Source\Draw\Draw_DirectionalLight.cpp">
      <Filter>ソース ファイル\Draw</Filter>
    </ClCompile>
    <ClCompile Include="Source\Draw\Draw_Light.cpp">
      <Filter>ソース ファイル\Draw</Filter>
    </ClCompile>
    <ClCompile Include="Source\Draw\Draw_LightMgr.cpp">
      <Filter>ソース ファイル\Draw</Filter>
    </ClCompile>
    <ClCompile Include="Source\Draw\Draw_Shape.cpp">
      <Filter>ソース ファイル\Draw</Filter>
    </ClCompile>
  </ItemGroup>
  <ItemGroup>
    <FxCompile Include="Source\Shader\PS_Phong.hlsl">
      <Filter>Shader</Filter>
    </FxCompile>
    <FxCompile Include="Source\Shader\VS_Instance_Phong.hlsl">
      <Filter>Shader</Filter>
    </FxCompile>
  </ItemGroup>
</Project>