<?xml version="1.0" encoding="utf-8"?>
<Project ToolsVersion="4.0" xmlns="http://schemas.microsoft.com/developer/msbuild/2003">
  <ItemGroup>
    <Filter Include="ソース ファイル">
      <UniqueIdentifier>{4FC737F1-C7A5-4376-A066-2A32D752A2FF}</UniqueIdentifier>
      <Extensions>cpp;c;cc;cxx;c++;cppm;ixx;def;odl;idl;hpj;bat;asm;asmx</Extensions>
    </Filter>
    <Filter Include="ヘッダー ファイル">
      <UniqueIdentifier>{93995380-89BD-4b04-88EB-625FBE52EBFB}</UniqueIdentifier>
      <Extensions>h;hh;hpp;hxx;h++;hm;inl;inc;ipp;xsd</Extensions>
    </Filter>
    <Filter Include="リソース ファイル">
      <UniqueIdentifier>{67DA6AB6-F800-4c08-8B7A-83BB121AAD01}</UniqueIdentifier>
      <Extensions>rc;ico;cur;bmp;dlg;rc2;rct;bin;rgs;gif;jpg;jpeg;jpe;resx;tiff;tif;png;wav;mfcribbon-ms</Extensions>
    </Filter>
    <Filter Include="ヘッダー ファイル\Win">
      <UniqueIdentifier>{ad65214d-0332-4872-9555-ed6b50859196}</UniqueIdentifier>
    </Filter>
    <Filter Include="ソース ファイル\Win">
      <UniqueIdentifier>{2f8a7126-c10b-4f11-b4b9-470e455e3ccb}</UniqueIdentifier>
    </Filter>
    <Filter Include="ソース ファイル\GFX">
      <UniqueIdentifier>{0c4d24c6-7680-4da1-94ad-149045f1e4d7}</UniqueIdentifier>
    </Filter>
    <Filter Include="ヘッダー ファイル\GFX">
      <UniqueIdentifier>{c289fc67-3f37-4bdd-8b87-4c02d4e3b0d7}</UniqueIdentifier>
    </Filter>
    <Filter Include="Lib">
      <UniqueIdentifier>{21240714-1827-4fee-a1bd-3ac3b4da5f14}</UniqueIdentifier>
    </Filter>
    <Filter Include="Lib\imgui">
      <UniqueIdentifier>{7bfc92c7-df9d-46ce-93d1-8d5c2155e041}</UniqueIdentifier>
    </Filter>
    <Filter Include="Lib\imgui\backends">
      <UniqueIdentifier>{39a65452-7b4d-467a-9307-ee6b9ae617b3}</UniqueIdentifier>
    </Filter>
    <Filter Include="ソース ファイル\Debug">
      <UniqueIdentifier>{ec97fe8c-10e2-40ab-ba8a-b285e0cee552}</UniqueIdentifier>
    </Filter>
    <Filter Include="ヘッダー ファイル\Debug">
      <UniqueIdentifier>{ad2ed9ea-3279-4d76-8110-c074335f8bb3}</UniqueIdentifier>
    </Filter>
  </ItemGroup>
  <ItemGroup>
    <ResourceCompile Include="AbstractionLayer_nhs00616_MuroyaIan.rc">
      <Filter>リソース ファイル</Filter>
    </ResourceCompile>
  </ItemGroup>
  <ItemGroup>
    <Image Include="small.ico">
      <Filter>リソース ファイル</Filter>
    </Image>
    <Image Include="AbstractionLayer_nhs00616_MuroyaIan.ico">
      <Filter>リソース ファイル</Filter>
    </Image>
  </ItemGroup>
  <ItemGroup>
    <ClInclude Include="Source\Resource.h">
      <Filter>ヘッダー ファイル</Filter>
    </ClInclude>
    <ClInclude Include="Source\targetver.h">
      <Filter>ヘッダー ファイル</Filter>
    </ClInclude>
    <ClInclude Include="Source\Win\Win_Main.h">
      <Filter>ヘッダー ファイル\Win</Filter>
    </ClInclude>
    <ClInclude Include="Source\Win\Win_Framework.h">
      <Filter>ヘッダー ファイル\Win</Filter>
    </ClInclude>
    <ClInclude Include="Source\Win\Win_ErrorOutput.h">
      <Filter>ヘッダー ファイル\Win</Filter>
    </ClInclude>
    <ClInclude Include="Source\Win\Win_Window.h">
      <Filter>ヘッダー ファイル\Win</Filter>
    </ClInclude>
    <ClInclude Include="Source\Win\Win_Keyboard.h">
      <Filter>ヘッダー ファイル\Win</Filter>
    </ClInclude>
    <ClInclude Include="Source\Win\Win_Mouse.h">
      <Filter>ヘッダー ファイル\Win</Filter>
    </ClInclude>
    <ClInclude Include="Source\Win\Win_App.h">
      <Filter>ヘッダー ファイル\Win</Filter>
    </ClInclude>
    <ClInclude Include="Source\Win\Win_TimeProc.h">
      <Filter>ヘッダー ファイル\Win</Filter>
    </ClInclude>
    <ClInclude Include="Source\Gfx\Gfx_Main.h">
      <Filter>ヘッダー ファイル\GFX</Filter>
    </ClInclude>
    <ClInclude Include="Library\3rd_Party\ImGui\imconfig.h">
      <Filter>Lib\imgui</Filter>
    </ClInclude>
    <ClInclude Include="Library\3rd_Party\ImGui\imgui.h">
      <Filter>Lib\imgui</Filter>
    </ClInclude>
    <ClInclude Include="Library\3rd_Party\ImGui\imgui_internal.h">
      <Filter>Lib\imgui</Filter>
    </ClInclude>
    <ClInclude Include="Library\3rd_Party\ImGui\imstb_rectpack.h">
      <Filter>Lib\imgui</Filter>
    </ClInclude>
    <ClInclude Include="Library\3rd_Party\ImGui\imstb_textedit.h">
      <Filter>Lib\imgui</Filter>
    </ClInclude>
    <ClInclude Include="Library\3rd_Party\ImGui\imstb_truetype.h">
      <Filter>Lib\imgui</Filter>
    </ClInclude>
    <ClInclude Include="Library\3rd_Party\ImGui\backends\imgui_impl_dx11.h">
      <Filter>Lib\imgui\backends</Filter>
    </ClInclude>
    <ClInclude Include="Library\3rd_Party\ImGui\backends\imgui_impl_win32.h">
      <Filter>Lib\imgui\backends</Filter>
    </ClInclude>
    <ClInclude Include="Source\Debug\Debug_ImguiMgr.h">
      <Filter>ソース ファイル\Debug</Filter>
    </ClInclude>
  </ItemGroup>
  <ItemGroup>
    <ClCompile Include="Source\Win\Win_Main.cpp">
      <Filter>ソース ファイル\Win</Filter>
    </ClCompile>
    <ClCompile Include="Source\Win\Win_ErrorOutput.cpp">
      <Filter>ソース ファイル\Win</Filter>
    </ClCompile>
    <ClCompile Include="Source\Win\Win_Window.cpp">
      <Filter>ソース ファイル\Win</Filter>
    </ClCompile>
    <ClCompile Include="Source\Win\Win_Keyboard.cpp">
      <Filter>ソース ファイル\Win</Filter>
    </ClCompile>
    <ClCompile Include="Source\Win\Win_Mouse.cpp">
      <Filter>ソース ファイル\Win</Filter>
    </ClCompile>
    <ClCompile Include="Source\Win\Win_App.cpp">
      <Filter>ソース ファイル\Win</Filter>
    </ClCompile>
    <ClCompile Include="Source\Win\Win_TimeProc.cpp">
      <Filter>ソース ファイル\Win</Filter>
    </ClCompile>
    <ClCompile Include="Source\Gfx\Gfx_Main.cpp">
      <Filter>ソース ファイル\GFX</Filter>
    </ClCompile>
    <ClCompile Include="Library\3rd_Party\ImGui\imgui.cpp">
      <Filter>Lib\imgui</Filter>
    </ClCompile>
    <ClCompile Include="Library\3rd_Party\ImGui\imgui_demo.cpp">
      <Filter>Lib\imgui</Filter>
    </ClCompile>
    <ClCompile Include="Library\3rd_Party\ImGui\imgui_draw.cpp">
      <Filter>Lib\imgui</Filter>
    </ClCompile>
    <ClCompile Include="Library\3rd_Party\ImGui\imgui_tables.cpp">
      <Filter>Lib\imgui</Filter>
    </ClCompile>
    <ClCompile Include="Library\3rd_Party\ImGui\imgui_widgets.cpp">
      <Filter>Lib\imgui</Filter>
    </ClCompile>
    <ClCompile Include="Library\3rd_Party\ImGui\backends\imgui_impl_dx11.cpp">
      <Filter>Lib\imgui\backends</Filter>
    </ClCompile>
    <ClCompile Include="Library\3rd_Party\ImGui\backends\imgui_impl_win32.cpp">
      <Filter>Lib\imgui\backends</Filter>
    </ClCompile>
    <ClCompile Include="Source\Debug\Debug_ImguiMgr.cpp">
      <Filter>ヘッダー ファイル\Debug</Filter>
    </ClCompile>
  </ItemGroup>
</Project>